Microsoft Visual Studio Solution File, Format Version 12.00
# Visual Studio Version 17
VisualStudioVersion = 17.5.2.0
MinimumVisualStudioVersion = 10.0.40219.1
Project("{FAE04EC0-301F-11D3-BF4B-00C04F79EFBC}") = "MarkdownTests", "MarkdownTests.csproj", "{1C149CC7-AED6-9641-A978-5EF181037553}"
EndProject
Global
	GlobalSection(SolutionConfigurationPlatforms) = preSolution
		Debug|Any CPU = Debug|Any CPU
		Release|Any CPU = Release|Any CPU
	EndGlobalSection
	GlobalSection(ProjectConfigurationPlatforms) = postSolution
		{1C149CC7-AED6-9641-A978-5EF181037553}.Debug|Any CPU.ActiveCfg = Debug|Any CPU
		{1C149CC7-AED6-9641-A978-5EF181037553}.Debug|Any CPU.Build.0 = Debug|Any CPU
		{1C149CC7-AED6-9641-A978-5EF181037553}.Release|Any CPU.ActiveCfg = Release|Any CPU
		{1C149CC7-AED6-9641-A978-5EF181037553}.Release|Any CPU.Build.0 = Release|Any CPU
	EndGlobalSection
	GlobalSection(SolutionProperties) = preSolution
		HideSolutionNode = FALSE
	EndGlobalSection
	GlobalSection(ExtensibilityGlobals) = postSolution
		SolutionGuid = {14482609-E90F-4F5D-9AFB-FA1C65C26115}
	EndGlobalSection
EndGlobal
